
Microsoft Visual Studio Solution File, Format Version 12.00
# Visual Studio 15
VisualStudioVersion = 15.0.28307.705
MinimumVisualStudioVersion = 10.0.40219.1
Project("{FAE04EC0-301F-11D3-BF4B-00C04F79EFBC}") = "miniTaskManager", "miniTaskManager.csproj", "{48375710-9D25-4F41-A2C6-8B2529594107}"
EndProject
Global
	GlobalSection(SolutionConfigurationPlatforms) = preSolution
		Debug|Any CPU = Debug|Any CPU
		Release|Any CPU = Release|Any CPU
	EndGlobalSection
	GlobalSection(ProjectConfigurationPlatforms) = postSolution
		{48375710-9D25-4F41-A2C6-8B2529594107}.Debug|Any CPU.ActiveCfg = Debug|Any CPU
		{48375710-9D25-4F41-A2C6-8B2529594107}.Debug|Any CPU.Build.0 = Debug|Any CPU
		{48375710-9D25-4F41-A2C6-8B2529594107}.Release|Any CPU.ActiveCfg = Release|Any CPU
		{48375710-9D25-4F41-A2C6-8B2529594107}.Release|Any CPU.Build.0 = Release|Any CPU
	EndGlobalSection
	GlobalSection(SolutionProperties) = preSolution
		HideSolutionNode = FALSE
	EndGlobalSection
	GlobalSection(ExtensibilityGlobals) = postSolution
		SolutionGuid = {00A38ACA-E388-4052-82A7-2C999B49AFE9}
	EndGlobalSection
EndGlobal
